
Microsoft Visual Studio Solution File, Format Version 12.00
# Visual Studio Version 16
VisualStudioVersion = 16.0.35130.168
MinimumVisualStudioVersion = 10.0.40219.1
Project("{8BC9CEB8-8B4A-11D0-8D11-00A0C91BC942}") = "Nuclex.Audio.Native (msvc-14.2)", "Nuclex.Audio.Native\Nuclex.Audio.Native (msvc-14.2).vcxproj", "{B7EDCB26-C6DB-4D99-A421-B6CD6736DE87}"
	ProjectSection(ProjectDependencies) = postProject
		{80B6DA1C-F8E4-4364-B9FB-92D198A1CF91} = {80B6DA1C-F8E4-4364-B9FB-92D198A1CF91}
		{0B825D1E-DEB1-4FC6-A78A-15F5CE718BB2} = {0B825D1E-DEB1-4FC6-A78A-15F5CE718BB2}
		{CBC62C64-D5AA-4838-ABEE-F23B1F4A39FA} = {CBC62C64-D5AA-4838-ABEE-F23B1F4A39FA}
		{5852FC75-7B04-4CD5-9CCB-981A73A3821E} = {5852FC75-7B04-4CD5-9CCB-981A73A3821E}
		{2322C594-09AF-41F3-A275-4A87BBC0193C} = {2322C594-09AF-41F3-A275-4A87BBC0193C}
		{37D48D9D-6813-4192-8F1E-B24013C2FAE4} = {37D48D9D-6813-4192-8F1E-B24013C2FAE4}
	EndProjectSection
EndProject
Project("{2150E333-8FDC-42A3-9474-1A3956D46DE8}") = "Third-Party", "Third-Party", "{432B0E61-68F4-441A-9A07-91A7DE2EBA1C}"
EndProject
Project("{8BC9CEB8-8B4A-11D0-8D11-00A0C91BC942}") = "Nuclex.Support.Native (msvc-14.2)", "Nuclex.Support.Native\Nuclex.Support.Native (msvc-14.2).vcxproj", "{5852FC75-7B04-4CD5-9CCB-981A73A3821E}"
EndProject
Project("{8BC9CEB8-8B4A-11D0-8D11-00A0C91BC942}") = "nuclex-googletest (msvc-14.2)", "third-party\nuclex-googletest\nuclex-googletest (msvc-14.2).vcxproj", "{B06663FD-79ED-4894-BBE9-51B7A52FFE39}"
EndProject
Project("{8BC9CEB8-8B4A-11D0-8D11-00A0C91BC942}") = "nuclex-googletest-main (msvc-14.2)", "third-party\nuclex-googletest\nuclex-googletest-main (msvc-14.2).vcxproj", "{585276FB-1475-424E-AA7F-30A64B39F082}"
EndProject
Project("{8BC9CEB8-8B4A-11D0-8D11-00A0C91BC942}") = "Nuclex.Support.Native.Tests (msvc-14.2)", "Nuclex.Support.Native\Nuclex.Support.Native.Tests (msvc-14.2).vcxproj", "{156EFA80-1456-4C90-B5C8-2CA1D8A2A07F}"
	ProjectSection(ProjectDependencies) = postProject
		{585276FB-1475-424E-AA7F-30A64B39F082} = {585276FB-1475-424E-AA7F-30A64B39F082}
		{B06663FD-79ED-4894-BBE9-51B7A52FFE39} = {B06663FD-79ED-4894-BBE9-51B7A52FFE39}
	EndProjectSection
EndProject
Project("{8BC9CEB8-8B4A-11D0-8D11-00A0C91BC942}") = "nuclex-ogg (msvc-14.2)", "third-party\nuclex-ogg\nuclex-ogg (msvc-14.2).vcxproj", "{37D48D9D-6813-4192-8F1E-B24013C2FAE4}"
EndProject
Project("{8BC9CEB8-8B4A-11D0-8D11-00A0C91BC942}") = "nuclex-flac (msvc-14.2)", "third-party\nuclex-flac\nuclex-flac (msvc-14.2).vcxproj", "{0B825D1E-DEB1-4FC6-A78A-15F5CE718BB2}"
EndProject
Project("{8BC9CEB8-8B4A-11D0-8D11-00A0C91BC942}") = "nuclex-wavpack (msvc-14.2)", "third-party\nuclex-wavpack\nuclex-wavpack (msvc-14.2).vcxproj", "{CBC62C64-D5AA-4838-ABEE-F23B1F4A39FA}"
EndProject
Project("{8BC9CEB8-8B4A-11D0-8D11-00A0C91BC942}") = "nuclex-opus (msvc-14.2)", "third-party\nuclex-opus\nuclex-opus (msvc-14.2).vcxproj", "{80B6DA1C-F8E4-4364-B9FB-92D198A1CF91}"
EndProject
Project("{8BC9CEB8-8B4A-11D0-8D11-00A0C91BC942}") = "nuclex-opusfile (msvc-14.2)", "third-party\nuclex-opusfile\nuclex-opusfile (msvc-14.2).vcxproj", "{2322C594-09AF-41F3-A275-4A87BBC0193C}"
EndProject
Global
	GlobalSection(SolutionConfigurationPlatforms) = preSolution
		Debug|x64 = Debug|x64
		Debug|x86 = Debug|x86
		Release|x64 = Release|x64
		Release|x86 = Release|x86
	EndGlobalSection
	GlobalSection(ProjectConfigurationPlatforms) = postSolution
		{B7EDCB26-C6DB-4D99-A421-B6CD6736DE87}.Debug|x64.ActiveCfg = Debug|x64
		{B7EDCB26-C6DB-4D99-A421-B6CD6736DE87}.Debug|x64.Build.0 = Debug|x64
		{B7EDCB26-C6DB-4D99-A421-B6CD6736DE87}.Debug|x86.ActiveCfg = Debug|Win32
		{B7EDCB26-C6DB-4D99-A421-B6CD6736DE87}.Debug|x86.Build.0 = Debug|Win32
		{B7EDCB26-C6DB-4D99-A421-B6CD6736DE87}.Release|x64.ActiveCfg = Release|x64
		{B7EDCB26-C6DB-4D99-A421-B6CD6736DE87}.Release|x64.Build.0 = Release|x64
		{B7EDCB26-C6DB-4D99-A421-B6CD6736DE87}.Release|x86.ActiveCfg = Release|Win32
		{B7EDCB26-C6DB-4D99-A421-B6CD6736DE87}.Release|x86.Build.0 = Release|Win32
		{5852FC75-7B04-4CD5-9CCB-981A73A3821E}.Debug|x64.ActiveCfg = Debug|x64
		{5852FC75-7B04-4CD5-9CCB-981A73A3821E}.Debug|x64.Build.0 = Debug|x64
		{5852FC75-7B04-4CD5-9CCB-981A73A3821E}.Debug|x86.ActiveCfg = Debug|Win32
		{5852FC75-7B04-4CD5-9CCB-981A73A3821E}.Debug|x86.Build.0 = Debug|Win32
		{5852FC75-7B04-4CD5-9CCB-981A73A3821E}.Release|x64.ActiveCfg = Release|x64
		{5852FC75-7B04-4CD5-9CCB-981A73A3821E}.Release|x64.Build.0 = Release|x64
		{5852FC75-7B04-4CD5-9CCB-981A73A3821E}.Release|x86.ActiveCfg = Release|Win32
		{5852FC75-7B04-4CD5-9CCB-981A73A3821E}.Release|x86.Build.0 = Release|Win32
		{B06663FD-79ED-4894-BBE9-51B7A52FFE39}.Debug|x64.ActiveCfg = Debug|x64
		{B06663FD-79ED-4894-BBE9-51B7A52FFE39}.Debug|x64.Build.0 = Debug|x64
		{B06663FD-79ED-4894-BBE9-51B7A52FFE39}.Debug|x86.ActiveCfg = Debug|Win32
		{B06663FD-79ED-4894-BBE9-51B7A52FFE39}.Debug|x86.Build.0 = Debug|Win32
		{B06663FD-79ED-4894-BBE9-51B7A52FFE39}.Release|x64.ActiveCfg = Release|x64
		{B06663FD-79ED-4894-BBE9-51B7A52FFE39}.Release|x64.Build.0 = Release|x64
		{B06663FD-79ED-4894-BBE9-51B7A52FFE39}.Release|x86.ActiveCfg = Release|Win32
		{B06663FD-79ED-4894-BBE9-51B7A52FFE39}.Release|x86.Build.0 = Release|Win32
		{585276FB-1475-424E-AA7F-30A64B39F082}.Debug|x64.ActiveCfg = Debug|x64
		{585276FB-1475-424E-AA7F-30A64B39F082}.Debug|x64.Build.0 = Debug|x64
		{585276FB-1475-424E-AA7F-30A64B39F082}.Debug|x86.ActiveCfg = Debug|Win32
		{585276FB-1475-424E-AA7F-30A64B39F082}.Debug|x86.Build.0 = Debug|Win32
		{585276FB-1475-424E-AA7F-30A64B39F082}.Release|x64.ActiveCfg = Release|x64
		{585276FB-1475-424E-AA7F-30A64B39F082}.Release|x64.Build.0 = Release|x64
		{585276FB-1475-424E-AA7F-30A64B39F082}.Release|x86.ActiveCfg = Release|Win32
		{585276FB-1475-424E-AA7F-30A64B39F082}.Release|x86.Build.0 = Release|Win32
		{156EFA80-1456-4C90-B5C8-2CA1D8A2A07F}.Debug|x64.ActiveCfg = Debug|x64
		{156EFA80-1456-4C90-B5C8-2CA1D8A2A07F}.Debug|x64.Build.0 = Debug|x64
		{156EFA80-1456-4C90-B5C8-2CA1D8A2A07F}.Debug|x86.ActiveCfg = Debug|Win32
		{156EFA80-1456-4C90-B5C8-2CA1D8A2A07F}.Debug|x86.Build.0 = Debug|Win32
		{156EFA80-1456-4C90-B5C8-2CA1D8A2A07F}.Release|x64.ActiveCfg = Release|x64
		{156EFA80-1456-4C90-B5C8-2CA1D8A2A07F}.Release|x64.Build.0 = Release|x64
		{156EFA80-1456-4C90-B5C8-2CA1D8A2A07F}.Release|x86.ActiveCfg = Release|Win32
		{156EFA80-1456-4C90-B5C8-2CA1D8A2A07F}.Release|x86.Build.0 = Release|Win32
		{37D48D9D-6813-4192-8F1E-B24013C2FAE4}.Debug|x64.ActiveCfg = Debug|x64
		{37D48D9D-6813-4192-8F1E-B24013C2FAE4}.Debug|x64.Build.0 = Debug|x64
		{37D48D9D-6813-4192-8F1E-B24013C2FAE4}.Debug|x86.ActiveCfg = Debug|Win32
		{37D48D9D-6813-4192-8F1E-B24013C2FAE4}.Debug|x86.Build.0 = Debug|Win32
		{37D48D9D-6813-4192-8F1E-B24013C2FAE4}.Release|x64.ActiveCfg = Release|x64
		{37D48D9D-6813-4192-8F1E-B24013C2FAE4}.Release|x64.Build.0 = Release|x64
		{37D48D9D-6813-4192-8F1E-B24013C2FAE4}.Release|x86.ActiveCfg = Release|Win32
		{37D48D9D-6813-4192-8F1E-B24013C2FAE4}.Release|x86.Build.0 = Release|Win32
		{0B825D1E-DEB1-4FC6-A78A-15F5CE718BB2}.Debug|x64.ActiveCfg = Debug|x64
		{0B825D1E-DEB1-4FC6-A78A-15F5CE718BB2}.Debug|x64.Build.0 = Debug|x64
		{0B825D1E-DEB1-4FC6-A78A-15F5CE718BB2}.Debug|x86.ActiveCfg = Debug|Win32
		{0B825D1E-DEB1-4FC6-A78A-15F5CE718BB2}.Debug|x86.Build.0 = Debug|Win32
		{0B825D1E-DEB1-4FC6-A78A-15F5CE718BB2}.Release|x64.ActiveCfg = Release|x64
		{0B825D1E-DEB1-4FC6-A78A-15F5CE718BB2}.Release|x64.Build.0 = Release|x64
		{0B825D1E-DEB1-4FC6-A78A-15F5CE718BB2}.Release|x86.ActiveCfg = Release|Win32
		{0B825D1E-DEB1-4FC6-A78A-15F5CE718BB2}.Release|x86.Build.0 = Release|Win32
		{CBC62C64-D5AA-4838-ABEE-F23B1F4A39FA}.Debug|x64.ActiveCfg = Debug|x64
		{CBC62C64-D5AA-4838-ABEE-F23B1F4A39FA}.Debug|x64.Build.0 = Debug|x64
		{CBC62C64-D5AA-4838-ABEE-F23B1F4A39FA}.Debug|x86.ActiveCfg = Debug|Win32
		{CBC62C64-D5AA-4838-ABEE-F23B1F4A39FA}.Debug|x86.Build.0 = Debug|Win32
		{CBC62C64-D5AA-4838-ABEE-F23B1F4A39FA}.Release|x64.ActiveCfg = Release|x64
		{CBC62C64-D5AA-4838-ABEE-F23B1F4A39FA}.Release|x64.Build.0 = Release|x64
		{CBC62C64-D5AA-4838-ABEE-F23B1F4A39FA}.Release|x86.ActiveCfg = Release|Win32
		{CBC62C64-D5AA-4838-ABEE-F23B1F4A39FA}.Release|x86.Build.0 = Release|Win32
		{80B6DA1C-F8E4-4364-B9FB-92D198A1CF91}.Debug|x64.ActiveCfg = Debug|x64
		{80B6DA1C-F8E4-4364-B9FB-92D198A1CF91}.Debug|x64.Build.0 = Debug|x64
		{80B6DA1C-F8E4-4364-B9FB-92D198A1CF91}.Debug|x86.ActiveCfg = Debug|Win32
		{80B6DA1C-F8E4-4364-B9FB-92D198A1CF91}.Debug|x86.Build.0 = Debug|Win32
		{80B6DA1C-F8E4-4364-B9FB-92D198A1CF91}.Release|x64.ActiveCfg = Release|x64
		{80B6DA1C-F8E4-4364-B9FB-92D198A1CF91}.Release|x64.Build.0 = Release|x64
		{80B6DA1C-F8E4-4364-B9FB-92D198A1CF91}.Release|x86.ActiveCfg = Release|Win32
		{80B6DA1C-F8E4-4364-B9FB-92D198A1CF91}.Release|x86.Build.0 = Release|Win32
		{2322C594-09AF-41F3-A275-4A87BBC0193C}.Debug|x64.ActiveCfg = Debug|x64
		{2322C594-09AF-41F3-A275-4A87BBC0193C}.Debug|x64.Build.0 = Debug|x64
		{2322C594-09AF-41F3-A275-4A87BBC0193C}.Debug|x86.ActiveCfg = Debug|Win32
		{2322C594-09AF-41F3-A275-4A87BBC0193C}.Debug|x86.Build.0 = Debug|Win32
		{2322C594-09AF-41F3-A275-4A87BBC0193C}.Release|x64.ActiveCfg = Release|x64
		{2322C594-09AF-41F3-A275-4A87BBC0193C}.Release|x64.Build.0 = Release|x64
		{2322C594-09AF-41F3-A275-4A87BBC0193C}.Release|x86.ActiveCfg = Release|Win32
		{2322C594-09AF-41F3-A275-4A87BBC0193C}.Release|x86.Build.0 = Release|Win32
	EndGlobalSection
	GlobalSection(SolutionProperties) = preSolution
		HideSolutionNode = FALSE
	EndGlobalSection
	GlobalSection(NestedProjects) = preSolution
		{B06663FD-79ED-4894-BBE9-51B7A52FFE39} = {432B0E61-68F4-441A-9A07-91A7DE2EBA1C}
		{585276FB-1475-424E-AA7F-30A64B39F082} = {432B0E61-68F4-441A-9A07-91A7DE2EBA1C}
		{37D48D9D-6813-4192-8F1E-B24013C2FAE4} = {432B0E61-68F4-441A-9A07-91A7DE2EBA1C}
		{0B825D1E-DEB1-4FC6-A78A-15F5CE718BB2} = {432B0E61-68F4-441A-9A07-91A7DE2EBA1C}
		{CBC62C64-D5AA-4838-ABEE-F23B1F4A39FA} = {432B0E61-68F4-441A-9A07-91A7DE2EBA1C}
		{80B6DA1C-F8E4-4364-B9FB-92D198A1CF91} = {432B0E61-68F4-441A-9A07-91A7DE2EBA1C}
		{2322C594-09AF-41F3-A275-4A87BBC0193C} = {432B0E61-68F4-441A-9A07-91A7DE2EBA1C}
	EndGlobalSection
	GlobalSection(ExtensibilityGlobals) = postSolution
		SolutionGuid = {E62171EE-8128-477F-9E25-5A29D7F184D0}
	EndGlobalSection
EndGlobal
